
Microsoft Visual Studio Solution File, Format Version 12.00
# Visual Studio 15
VisualStudioVersion = 15.0.28010.2050
MinimumVisualStudioVersion = 10.0.40219.1
Project("{FAE04EC0-301F-11D3-BF4B-00C04F79EFBC}") = "Escritor", "Escritor\Escritor.csproj", "{0573A4D6-1BCF-4D26-AA35-FB37E6B6D9A5}"
EndProject
Project("{FAE04EC0-301F-11D3-BF4B-00C04F79EFBC}") = "Lector", "Lector\Lector.csproj", "{1CCDCB18-087E-4D6A-B5BF-78FCF0FAB693}"
EndProject
Global
	GlobalSection(SolutionConfigurationPlatforms) = preSolution
		Debug|Any CPU = Debug|Any CPU
		Release|Any CPU = Release|Any CPU
	EndGlobalSection
	GlobalSection(ProjectConfigurationPlatforms) = postSolution
		{0573A4D6-1BCF-4D26-AA35-FB37E6B6D9A5}.Debug|Any CPU.ActiveCfg = Debug|Any CPU
		{0573A4D6-1BCF-4D26-AA35-FB37E6B6D9A5}.Debug|Any CPU.Build.0 = Debug|Any CPU
		{0573A4D6-1BCF-4D26-AA35-FB37E6B6D9A5}.Release|Any CPU.ActiveCfg = Release|Any CPU
		{0573A4D6-1BCF-4D26-AA35-FB37E6B6D9A5}.Release|Any CPU.Build.0 = Release|Any CPU
		{1CCDCB18-087E-4D6A-B5BF-78FCF0FAB693}.Debug|Any CPU.ActiveCfg = Debug|Any CPU
		{1CCDCB18-087E-4D6A-B5BF-78FCF0FAB693}.Debug|Any CPU.Build.0 = Debug|Any CPU
		{1CCDCB18-087E-4D6A-B5BF-78FCF0FAB693}.Release|Any CPU.ActiveCfg = Release|Any CPU
		{1CCDCB18-087E-4D6A-B5BF-78FCF0FAB693}.Release|Any CPU.Build.0 = Release|Any CPU
	EndGlobalSection
	GlobalSection(SolutionProperties) = preSolution
		HideSolutionNode = FALSE
	EndGlobalSection
	GlobalSection(ExtensibilityGlobals) = postSolution
		SolutionGuid = {610ACA99-0C10-4BD7-9BA3-65695F027B53}
	EndGlobalSection
EndGlobal
